{
  "requires": true,
  "lockfileVersion": 1,
  "dependencies": {
    "@sweetalert2/ngx-sweetalert2": {
      "version": "8.1.1",
      "resolved": "https://registry.npmjs.org/@sweetalert2/ngx-sweetalert2/-/ngx-sweetalert2-8.1.1.tgz",
      "integrity": "sha512-yWBgzWN0uCcmc4lU/HQ+gH5pak1NC6y373nDSHyxnMCXN/+nEz4PB16ulRGProR7SJPw0naEX3jnHnyfbEetcg==",
      "requires": {
        "tslib": "^1.10.0"
      }
    },
    "sweetalert2": {
      "version": "10.3.5",
      "resolved": "https://registry.npmjs.org/sweetalert2/-/sweetalert2-10.3.5.tgz",
      "integrity": "sha512-8XBQvW2frWVn0Xs80qyraRXcb3Mg/aKG+9sdVPlzViDIYJfLhMeda3pRuyGzyvrPXbBQ3KRjs+66xKH3kz8/og=="
    },
    "tslib": {
      "version": "1.13.0",
      "resolved": "https://registry.npmjs.org/tslib/-/tslib-1.13.0.tgz",
      "integrity": "sha512-i/6DQjL8Xf3be4K/E6Wgpekn5Qasl1usyw++dAA35Ue5orEn65VIxOA+YvNNl9HV3qv70T7CNwjODHZrLwvd1Q=="
    }
  }
}
